
Microsoft Visual Studio Solution File, Format Version 12.00
# Visual Studio Version 16
VisualStudioVersion = 16.0.30717.126
MinimumVisualStudioVersion = 10.0.40219.1
Project("{FAE04EC0-301F-11D3-BF4B-00C04F79EFBC}") = "Proof", "Proof.csproj", "{99B87148-BCC8-46FA-86DD-04B0789A40AB}"
EndProject
Global
	GlobalSection(SolutionConfigurationPlatforms) = preSolution
		Debug|Any CPU = Debug|Any CPU
		Release|Any CPU = Release|Any CPU
	EndGlobalSection
	GlobalSection(ProjectConfigurationPlatforms) = postSolution
		{99B87148-BCC8-46FA-86DD-04B0789A40AB}.Debug|Any CPU.ActiveCfg = Debug|Any CPU
		{99B87148-BCC8-46FA-86DD-04B0789A40AB}.Debug|Any CPU.Build.0 = Debug|Any CPU
		{99B87148-BCC8-46FA-86DD-04B0789A40AB}.Release|Any CPU.ActiveCfg = Release|Any CPU
		{99B87148-BCC8-46FA-86DD-04B0789A40AB}.Release|Any CPU.Build.0 = Release|Any CPU
	EndGlobalSection
	GlobalSection(SolutionProperties) = preSolution
		HideSolutionNode = FALSE
	EndGlobalSection
	GlobalSection(ExtensibilityGlobals) = postSolution
		SolutionGuid = {AF2795B2-2DA3-48F4-9AE9-CF5613B86FC3}
	EndGlobalSection
EndGlobal
