
Microsoft Visual Studio Solution File, Format Version 12.00
# Visual Studio Version 16
VisualStudioVersion = 16.0.31205.134
MinimumVisualStudioVersion = 10.0.40219.1
Project("{FAE04EC0-301F-11D3-BF4B-00C04F79EFBC}") = "Polimorfismo ejercicio 2", "Polimorfismo ejercicio 2.csproj", "{CC5E9B8A-FE3F-4E66-970E-D8586CADD78A}"
EndProject
Global
	GlobalSection(SolutionConfigurationPlatforms) = preSolution
		Debug|Any CPU = Debug|Any CPU
		Release|Any CPU = Release|Any CPU
	EndGlobalSection
	GlobalSection(ProjectConfigurationPlatforms) = postSolution
		{CC5E9B8A-FE3F-4E66-970E-D8586CADD78A}.Debug|Any CPU.ActiveCfg = Debug|Any CPU
		{CC5E9B8A-FE3F-4E66-970E-D8586CADD78A}.Debug|Any CPU.Build.0 = Debug|Any CPU
		{CC5E9B8A-FE3F-4E66-970E-D8586CADD78A}.Release|Any CPU.ActiveCfg = Release|Any CPU
		{CC5E9B8A-FE3F-4E66-970E-D8586CADD78A}.Release|Any CPU.Build.0 = Release|Any CPU
	EndGlobalSection
	GlobalSection(SolutionProperties) = preSolution
		HideSolutionNode = FALSE
	EndGlobalSection
	GlobalSection(ExtensibilityGlobals) = postSolution
		SolutionGuid = {FD85B883-C0A4-4E4D-9427-6161DF7BBBF8}
	EndGlobalSection
EndGlobal
